
Microsoft Visual Studio Solution File, Format Version 12.00
# Visual Studio Version 16
VisualStudioVersion = 16.0.29230.47
MinimumVisualStudioVersion = 10.0.40219.1
Project("{FAE04EC0-301F-11D3-BF4B-00C04F79EFBC}") = "Sol_Custom_Error_Page", "Sol_Custom_Error_Page\Sol_Custom_Error_Page.csproj", "{12AB6F80-5890-4F04-8655-35321BF246A1}"
EndProject
Global
	GlobalSection(SolutionConfigurationPlatforms) = preSolution
		Debug|Any CPU = Debug|Any CPU
		Release|Any CPU = Release|Any CPU
	EndGlobalSection
	GlobalSection(ProjectConfigurationPlatforms) = postSolution
		{12AB6F80-5890-4F04-8655-35321BF246A1}.Debug|Any CPU.ActiveCfg = Debug|Any CPU
		{12AB6F80-5890-4F04-8655-35321BF246A1}.Debug|Any CPU.Build.0 = Debug|Any CPU
		{12AB6F80-5890-4F04-8655-35321BF246A1}.Release|Any CPU.ActiveCfg = Release|Any CPU
		{12AB6F80-5890-4F04-8655-35321BF246A1}.Release|Any CPU.Build.0 = Release|Any CPU
	EndGlobalSection
	GlobalSection(SolutionProperties) = preSolution
		HideSolutionNode = FALSE
	EndGlobalSection
	GlobalSection(ExtensibilityGlobals) = postSolution
		SolutionGuid = {D79B257A-C34C-45B0-8998-D95EFE8BFDC9}
	EndGlobalSection
EndGlobal
